
Microsoft Visual Studio Solution File, Format Version 12.00
# Visual Studio Version 16
VisualStudioVersion = 16.0.29609.76
MinimumVisualStudioVersion = 10.0.40219.1
Project("{9A19103F-16F7-4668-BE54-9A1E7A4F7556}") = "JSSoft.Font.ApplicationHost", "JSSoft.Font.ApplicationHost\JSSoft.Font.ApplicationHost.csproj", "{46B68156-3AA5-4D2C-AFC5-1B6FB9120C3E}"
EndProject
Project("{9A19103F-16F7-4668-BE54-9A1E7A4F7556}") = "JSSoft.ModernUI.Framework", "..\JSSoft.ModernUI.Framework\JSSoft.ModernUI.Framework\JSSoft.ModernUI.Framework.csproj", "{20C3D3DD-DE99-4126-9449-BCA12E4D255D}"
EndProject
Project("{9A19103F-16F7-4668-BE54-9A1E7A4F7556}") = "JSSoft.Library", "..\JSSoft.Library\JSSoft.Library\JSSoft.Library.csproj", "{1918437F-4FBF-4731-AC5B-981A4A4CB1F1}"
EndProject
Project("{9A19103F-16F7-4668-BE54-9A1E7A4F7556}") = "JSSoft.ModernUI.Framework.DataGrid", "..\JSSoft.ModernUI.Framework\JSSoft.ModernUI.Framework.DataGrid\JSSoft.ModernUI.Framework.DataGrid.csproj", "{1C55FED2-99EB-469D-9DAC-A1F7B9E7C790}"
EndProject
Project("{2150E333-8FDC-42A3-9474-1A3956D46DE8}") = "etc", "etc", "{F8F0D537-37CC-41B6-B1BE-53096A744517}"
	ProjectSection(SolutionItems) = preProject
		.editorconfig = .editorconfig
		Directory.Build.props = Directory.Build.props
	EndProjectSection
EndProject
Project("{9A19103F-16F7-4668-BE54-9A1E7A4F7556}") = "JSSoft.Font", "JSSoft.Font\JSSoft.Font.csproj", "{9BFDC602-9227-4BB1-8734-2983C2CD4B8C}"
EndProject
Project("{9A19103F-16F7-4668-BE54-9A1E7A4F7556}") = "JSSoft.Font.ConsoleHost", "JSSoft.Font.ConsoleHost\JSSoft.Font.ConsoleHost.csproj", "{05E4204B-2E5C-40A6-B28C-345CF45FFA72}"
EndProject
Project("{9A19103F-16F7-4668-BE54-9A1E7A4F7556}") = "JSSoft.Library.Commands", "..\JSSoft.Library.Commands\JSSoft.Library.Commands\JSSoft.Library.Commands.csproj", "{0D96CC61-6D74-49B4-A558-33AC0DCF8529}"
EndProject
Global
	GlobalSection(SolutionConfigurationPlatforms) = preSolution
		Debug|Any CPU = Debug|Any CPU
		Release|Any CPU = Release|Any CPU
	EndGlobalSection
	GlobalSection(ProjectConfigurationPlatforms) = postSolution
		{46B68156-3AA5-4D2C-AFC5-1B6FB9120C3E}.Debug|Any CPU.ActiveCfg = Debug|Any CPU
		{46B68156-3AA5-4D2C-AFC5-1B6FB9120C3E}.Debug|Any CPU.Build.0 = Debug|Any CPU
		{46B68156-3AA5-4D2C-AFC5-1B6FB9120C3E}.Release|Any CPU.ActiveCfg = Release|Any CPU
		{46B68156-3AA5-4D2C-AFC5-1B6FB9120C3E}.Release|Any CPU.Build.0 = Release|Any CPU
		{20C3D3DD-DE99-4126-9449-BCA12E4D255D}.Debug|Any CPU.ActiveCfg = Debug|Any CPU
		{20C3D3DD-DE99-4126-9449-BCA12E4D255D}.Debug|Any CPU.Build.0 = Debug|Any CPU
		{20C3D3DD-DE99-4126-9449-BCA12E4D255D}.Release|Any CPU.ActiveCfg = Release|Any CPU
		{20C3D3DD-DE99-4126-9449-BCA12E4D255D}.Release|Any CPU.Build.0 = Release|Any CPU
		{1918437F-4FBF-4731-AC5B-981A4A4CB1F1}.Debug|Any CPU.ActiveCfg = Debug|Any CPU
		{1918437F-4FBF-4731-AC5B-981A4A4CB1F1}.Debug|Any CPU.Build.0 = Debug|Any CPU
		{1918437F-4FBF-4731-AC5B-981A4A4CB1F1}.Release|Any CPU.ActiveCfg = Release|Any CPU
		{1918437F-4FBF-4731-AC5B-981A4A4CB1F1}.Release|Any CPU.Build.0 = Release|Any CPU
		{1C55FED2-99EB-469D-9DAC-A1F7B9E7C790}.Debug|Any CPU.ActiveCfg = Debug|Any CPU
		{1C55FED2-99EB-469D-9DAC-A1F7B9E7C790}.Debug|Any CPU.Build.0 = Debug|Any CPU
		{1C55FED2-99EB-469D-9DAC-A1F7B9E7C790}.Release|Any CPU.ActiveCfg = Release|Any CPU
		{1C55FED2-99EB-469D-9DAC-A1F7B9E7C790}.Release|Any CPU.Build.0 = Release|Any CPU
		{9BFDC602-9227-4BB1-8734-2983C2CD4B8C}.Debug|Any CPU.ActiveCfg = Debug|Any CPU
		{9BFDC602-9227-4BB1-8734-2983C2CD4B8C}.Debug|Any CPU.Build.0 = Debug|Any CPU
		{9BFDC602-9227-4BB1-8734-2983C2CD4B8C}.Release|Any CPU.ActiveCfg = Release|Any CPU
		{9BFDC602-9227-4BB1-8734-2983C2CD4B8C}.Release|Any CPU.Build.0 = Release|Any CPU
		{05E4204B-2E5C-40A6-B28C-345CF45FFA72}.Debug|Any CPU.ActiveCfg = Debug|Any CPU
		{05E4204B-2E5C-40A6-B28C-345CF45FFA72}.Debug|Any CPU.Build.0 = Debug|Any CPU
		{05E4204B-2E5C-40A6-B28C-345CF45FFA72}.Release|Any CPU.ActiveCfg = Release|Any CPU
		{05E4204B-2E5C-40A6-B28C-345CF45FFA72}.Release|Any CPU.Build.0 = Release|Any CPU
		{0D96CC61-6D74-49B4-A558-33AC0DCF8529}.Debug|Any CPU.ActiveCfg = Debug|Any CPU
		{0D96CC61-6D74-49B4-A558-33AC0DCF8529}.Debug|Any CPU.Build.0 = Debug|Any CPU
		{0D96CC61-6D74-49B4-A558-33AC0DCF8529}.Release|Any CPU.ActiveCfg = Release|Any CPU
		{0D96CC61-6D74-49B4-A558-33AC0DCF8529}.Release|Any CPU.Build.0 = Release|Any CPU
	EndGlobalSection
	GlobalSection(SolutionProperties) = preSolution
		HideSolutionNode = FALSE
	EndGlobalSection
	GlobalSection(ExtensibilityGlobals) = postSolution
		SolutionGuid = {FE915650-CEF1-4972-A819-E89ACEC7D216}
	EndGlobalSection
EndGlobal
